
Microsoft Visual Studio Solution File, Format Version 12.00
# Visual Studio 15
VisualStudioVersion = 15.0.28307.705
MinimumVisualStudioVersion = 10.0.40219.1
Project("{FAE04EC0-301F-11D3-BF4B-00C04F79EFBC}") = "OnlineShop", "OnlineShop\OnlineShop.csproj", "{40F16718-CCB3-483F-BDB9-2600CD0CCF16}"
EndProject
Project("{FAE04EC0-301F-11D3-BF4B-00C04F79EFBC}") = "OnlineShop.Infrastructure", "OnlineShop.Infrastructure\OnlineShop.Infrastructure.csproj", "{E1546107-8F0A-4212-9869-12E4BA588578}"
EndProject
Project("{FAE04EC0-301F-11D3-BF4B-00C04F79EFBC}") = "OnlineShop.Utilities", "OnlineShop.Utilities\OnlineShop.Utilities.csproj", "{9558EC61-2111-48A5-908D-F9213CA5EE1B}"
EndProject
Project("{FAE04EC0-301F-11D3-BF4B-00C04F79EFBC}") = "OnlineShop.Data", "OnlineShop.Data\OnlineShop.Data.csproj", "{977A57E8-D236-48BB-9CCE-5D144920A862}"
EndProject
Project("{FAE04EC0-301F-11D3-BF4B-00C04F79EFBC}") = "OnlineShop.Data.EF", "OnlineShop.Data.EF\OnlineShop.Data.EF.csproj", "{543F39AA-2165-471C-AA62-70121321757C}"
EndProject
Project("{FAE04EC0-301F-11D3-BF4B-00C04F79EFBC}") = "OnlineShop.Services", "OnlineShop.Services\OnlineShop.Services.csproj", "{06CA1B16-AC6F-4B5B-A573-C2F43364D88C}"
EndProject
Project("{2150E333-8FDC-42A3-9474-1A3956D46DE8}") = "1-Presentation", "1-Presentation", "{63B402E4-033E-4F01-A2B7-1278E392ABF3}"
EndProject
Project("{2150E333-8FDC-42A3-9474-1A3956D46DE8}") = "3-Domain", "3-Domain", "{71FA6AFD-1332-4F5F-A6A2-9BF4A7E55AC6}"
EndProject
Project("{2150E333-8FDC-42A3-9474-1A3956D46DE8}") = "4-Infrastructure", "4-Infrastructure", "{31A3B785-4A4A-4F18-904E-8FA76B345197}"
EndProject
Project("{2150E333-8FDC-42A3-9474-1A3956D46DE8}") = "2-Services", "2-Services", "{2CE6F442-9AFE-41FF-8425-30BFC6D3A851}"
EndProject
Global
	GlobalSection(SolutionConfigurationPlatforms) = preSolution
		Debug|Any CPU = Debug|Any CPU
		Release|Any CPU = Release|Any CPU
	EndGlobalSection
	GlobalSection(ProjectConfigurationPlatforms) = postSolution
		{40F16718-CCB3-483F-BDB9-2600CD0CCF16}.Debug|Any CPU.ActiveCfg = Debug|Any CPU
		{40F16718-CCB3-483F-BDB9-2600CD0CCF16}.Debug|Any CPU.Build.0 = Debug|Any CPU
		{40F16718-CCB3-483F-BDB9-2600CD0CCF16}.Release|Any CPU.ActiveCfg = Release|Any CPU
		{40F16718-CCB3-483F-BDB9-2600CD0CCF16}.Release|Any CPU.Build.0 = Release|Any CPU
		{E1546107-8F0A-4212-9869-12E4BA588578}.Debug|Any CPU.ActiveCfg = Debug|Any CPU
		{E1546107-8F0A-4212-9869-12E4BA588578}.Debug|Any CPU.Build.0 = Debug|Any CPU
		{E1546107-8F0A-4212-9869-12E4BA588578}.Release|Any CPU.ActiveCfg = Release|Any CPU
		{E1546107-8F0A-4212-9869-12E4BA588578}.Release|Any CPU.Build.0 = Release|Any CPU
		{9558EC61-2111-48A5-908D-F9213CA5EE1B}.Debug|Any CPU.ActiveCfg = Debug|Any CPU
		{9558EC61-2111-48A5-908D-F9213CA5EE1B}.Debug|Any CPU.Build.0 = Debug|Any CPU
		{9558EC61-2111-48A5-908D-F9213CA5EE1B}.Release|Any CPU.ActiveCfg = Release|Any CPU
		{9558EC61-2111-48A5-908D-F9213CA5EE1B}.Release|Any CPU.Build.0 = Release|Any CPU
		{977A57E8-D236-48BB-9CCE-5D144920A862}.Debug|Any CPU.ActiveCfg = Debug|Any CPU
		{977A57E8-D236-48BB-9CCE-5D144920A862}.Debug|Any CPU.Build.0 = Debug|Any CPU
		{977A57E8-D236-48BB-9CCE-5D144920A862}.Release|Any CPU.ActiveCfg = Release|Any CPU
		{977A57E8-D236-48BB-9CCE-5D144920A862}.Release|Any CPU.Build.0 = Release|Any CPU
		{543F39AA-2165-471C-AA62-70121321757C}.Debug|Any CPU.ActiveCfg = Debug|Any CPU
		{543F39AA-2165-471C-AA62-70121321757C}.Debug|Any CPU.Build.0 = Debug|Any CPU
		{543F39AA-2165-471C-AA62-70121321757C}.Release|Any CPU.ActiveCfg = Release|Any CPU
		{543F39AA-2165-471C-AA62-70121321757C}.Release|Any CPU.Build.0 = Release|Any CPU
		{06CA1B16-AC6F-4B5B-A573-C2F43364D88C}.Debug|Any CPU.ActiveCfg = Debug|Any CPU
		{06CA1B16-AC6F-4B5B-A573-C2F43364D88C}.Debug|Any CPU.Build.0 = Debug|Any CPU
		{06CA1B16-AC6F-4B5B-A573-C2F43364D88C}.Release|Any CPU.ActiveCfg = Release|Any CPU
		{06CA1B16-AC6F-4B5B-A573-C2F43364D88C}.Release|Any CPU.Build.0 = Release|Any CPU
	EndGlobalSection
	GlobalSection(SolutionProperties) = preSolution
		HideSolutionNode = FALSE
	EndGlobalSection
	GlobalSection(NestedProjects) = preSolution
		{40F16718-CCB3-483F-BDB9-2600CD0CCF16} = {63B402E4-033E-4F01-A2B7-1278E392ABF3}
		{E1546107-8F0A-4212-9869-12E4BA588578} = {31A3B785-4A4A-4F18-904E-8FA76B345197}
		{9558EC61-2111-48A5-908D-F9213CA5EE1B} = {31A3B785-4A4A-4F18-904E-8FA76B345197}
		{977A57E8-D236-48BB-9CCE-5D144920A862} = {71FA6AFD-1332-4F5F-A6A2-9BF4A7E55AC6}
		{543F39AA-2165-471C-AA62-70121321757C} = {71FA6AFD-1332-4F5F-A6A2-9BF4A7E55AC6}
		{06CA1B16-AC6F-4B5B-A573-C2F43364D88C} = {2CE6F442-9AFE-41FF-8425-30BFC6D3A851}
	EndGlobalSection
	GlobalSection(ExtensibilityGlobals) = postSolution
		SolutionGuid = {B1F8962E-CF26-41DE-8FFD-B7B92B21D8D2}
	EndGlobalSection
EndGlobal
