
Microsoft Visual Studio Solution File, Format Version 12.00
# Visual Studio 15
VisualStudioVersion = 15.0.28307.705
MinimumVisualStudioVersion = 10.0.40219.1
Project("{FAE04EC0-301F-11D3-BF4B-00C04F79EFBC}") = "OnlineShop", "OnlineShop\OnlineShop.csproj", "{40F16718-CCB3-483F-BDB9-2600CD0CCF16}"
EndProject
Global
	GlobalSection(SolutionConfigurationPlatforms) = preSolution
		Debug|Any CPU = Debug|Any CPU
		Release|Any CPU = Release|Any CPU
	EndGlobalSection
	GlobalSection(ProjectConfigurationPlatforms) = postSolution
		{40F16718-CCB3-483F-BDB9-2600CD0CCF16}.Debug|Any CPU.ActiveCfg = Debug|Any CPU
		{40F16718-CCB3-483F-BDB9-2600CD0CCF16}.Debug|Any CPU.Build.0 = Debug|Any CPU
		{40F16718-CCB3-483F-BDB9-2600CD0CCF16}.Release|Any CPU.ActiveCfg = Release|Any CPU
		{40F16718-CCB3-483F-BDB9-2600CD0CCF16}.Release|Any CPU.Build.0 = Release|Any CPU
	EndGlobalSection
	GlobalSection(SolutionProperties) = preSolution
		HideSolutionNode = FALSE
	EndGlobalSection
	GlobalSection(ExtensibilityGlobals) = postSolution
		SolutionGuid = {B1F8962E-CF26-41DE-8FFD-B7B92B21D8D2}
	EndGlobalSection
EndGlobal
